<?xml version="1.0" encoding="utf-8"?>
<Project ToolsVersion="4.0" xmlns="http://schemas.microsoft.com/developer/msbuild/2003">
  <ItemGroup>
    <Filter Include="소스 파일">
      <UniqueIdentifier>{4FC737F1-C7A5-4376-A066-2A32D752A2FF}</UniqueIdentifier>
      <Extensions>cpp;c;cc;cxx;def;odl;idl;hpj;bat;asm;asmx</Extensions>
    </Filter>
    <Filter Include="헤더 파일">
      <UniqueIdentifier>{93995380-89BD-4b04-88EB-625FBE52EBFB}</UniqueIdentifier>
      <Extensions>h;hh;hpp;hxx;hm;inl;inc;ipp;xsd</Extensions>
    </Filter>
    <Filter Include="리소스 파일">
      <UniqueIdentifier>{67DA6AB6-F800-4c08-8B7A-83BB121AAD01}</UniqueIdentifier>
      <Extensions>rc;ico;cur;bmp;dlg;rc2;rct;bin;rgs;gif;jpg;jpeg;jpe;resx;tiff;tif;png;wav;mfcribbon-ms</Extensions>
    </Filter>
    <Filter Include="2DGameFramework">
      <UniqueIdentifier>{6f3d1e45-ab86-42a7-9a61-2bd45cd7872c}</UniqueIdentifier>
    </Filter>
    <Filter Include="playGround">
      <UniqueIdentifier>{95982806-068a-439b-ba72-8cb93f3609f5}</UniqueIdentifier>
    </Filter>
    <Filter Include="2DGameFramework\SingletonBase">
      <UniqueIdentifier>{fab0ad69-58ad-46bb-984d-736d10eee0f5}</UniqueIdentifier>
    </Filter>
    <Filter Include="2DGameFramework\Manager">
      <UniqueIdentifier>{05d340ae-7cae-42ce-831b-ae2b80a9b8c5}</UniqueIdentifier>
    </Filter>
    <Filter Include="2DGameFramework\image">
      <UniqueIdentifier>{161a019f-83fb-4aa5-a2bd-53b11c8888ac}</UniqueIdentifier>
    </Filter>
    <Filter Include="2DGameFramework\Utils">
      <UniqueIdentifier>{6649f313-dbf4-4ec9-afff-24f47b1a709e}</UniqueIdentifier>
    </Filter>
    <Filter Include="2DGameFramework\progressBar">
      <UniqueIdentifier>{2f09af2d-ecf1-47c1-8190-27c3eb4af701}</UniqueIdentifier>
    </Filter>
    <Filter Include="2DGameFramework\txtData">
      <UniqueIdentifier>{431e51a5-80a3-453e-b6b4-0a46c07862b8}</UniqueIdentifier>
    </Filter>
    <Filter Include="2DGameFramework\timer">
      <UniqueIdentifier>{903124e9-0a6f-4f4f-8a9b-cc25c6f3482b}</UniqueIdentifier>
    </Filter>
    <Filter Include="2DGameFramework\animation">
      <UniqueIdentifier>{206ac15a-4721-4c12-93be-e176c2715a13}</UniqueIdentifier>
    </Filter>
    <Filter Include="2DGameFramework\effect">
      <UniqueIdentifier>{b3284ef1-2dfe-42bb-bb2d-937dfd3982d5}</UniqueIdentifier>
    </Filter>
    <Filter Include="playGround\stageScene">
      <UniqueIdentifier>{7dc8f6ca-f3c3-4c72-be9b-5f80eef7d753}</UniqueIdentifier>
    </Filter>
    <Filter Include="playGround\stageScene\stage">
      <UniqueIdentifier>{31646076-c01e-451d-9888-83012ec5c64f}</UniqueIdentifier>
    </Filter>
    <Filter Include="playGround\stageScene\worm">
      <UniqueIdentifier>{541450f1-d0c6-4c0b-b9ab-eea906e7072f}</UniqueIdentifier>
    </Filter>
    <Filter Include="playGround\stageScene\worm\state">
      <UniqueIdentifier>{8b001276-0c15-45d8-acf6-c01f6b1edc51}</UniqueIdentifier>
    </Filter>
    <Filter Include="playGround\stageScene\weapon">
      <UniqueIdentifier>{6ec962a1-cd37-4800-962a-727f0b9e211c}</UniqueIdentifier>
    </Filter>
    <Filter Include="playGround\stageScene\item">
      <UniqueIdentifier>{effc9399-6e11-404f-aa41-bb7ac5a0b6fc}</UniqueIdentifier>
    </Filter>
    <Filter Include="playGround\stageScene\weapon\projectile">
      <UniqueIdentifier>{f881f077-daed-4926-bd45-b61cab7bb8a3}</UniqueIdentifier>
    </Filter>
  </ItemGroup>
  <ItemGroup>
    <ClInclude Include="stdafx.h">
      <Filter>헤더 파일</Filter>
    </ClInclude>
    <ClInclude Include="targetver.h">
      <Filter>헤더 파일</Filter>
    </ClInclude>
    <ClInclude Include="Resource.h">
      <Filter>헤더 파일</Filter>
    </ClInclude>
    <ClInclude Include="windowsAPI.h">
      <Filter>헤더 파일</Filter>
    </ClInclude>
    <ClInclude Include="commonMacroFunction.h">
      <Filter>헤더 파일</Filter>
    </ClInclude>
    <ClInclude Include="gameNode.h">
      <Filter>2DGameFramework</Filter>
    </ClInclude>
    <ClInclude Include="playGround.h">
      <Filter>playGround</Filter>
    </ClInclude>
    <ClInclude Include="singletonBase.h">
      <Filter>2DGameFramework\SingletonBase</Filter>
    </ClInclude>
    <ClInclude Include="randomFunction.h">
      <Filter>헤더 파일</Filter>
    </ClInclude>
    <ClInclude Include="keyManager.h">
      <Filter>2DGameFramework\Manager</Filter>
    </ClInclude>
    <ClInclude Include="image.h">
      <Filter>2DGameFramework\image</Filter>
    </ClInclude>
    <ClInclude Include="utils.h">
      <Filter>2DGameFramework\Utils</Filter>
    </ClInclude>
    <ClInclude Include="collision.h">
      <Filter>2DGameFramework\Utils</Filter>
    </ClInclude>
    <ClInclude Include="imageManager.h">
      <Filter>2DGameFramework\Manager</Filter>
    </ClInclude>
    <ClInclude Include="progressBar.h">
      <Filter>2DGameFramework\progressBar</Filter>
    </ClInclude>
    <ClInclude Include="txtData.h">
      <Filter>2DGameFramework\txtData</Filter>
    </ClInclude>
    <ClInclude Include="timer.h">
      <Filter>2DGameFramework\timer</Filter>
    </ClInclude>
    <ClInclude Include="timeManager.h">
      <Filter>2DGameFramework\Manager</Filter>
    </ClInclude>
    <ClInclude Include="animation.h">
      <Filter>2DGameFramework\animation</Filter>
    </ClInclude>
    <ClInclude Include="effect.h">
      <Filter>2DGameFramework\effect</Filter>
    </ClInclude>
    <ClInclude Include="effectManager.h">
      <Filter>2DGameFramework\Manager</Filter>
    </ClInclude>
    <ClInclude Include="soundManager.h">
      <Filter>2DGameFramework\Manager</Filter>
    </ClInclude>
    <ClInclude Include="sceneManager.h">
      <Filter>2DGameFramework\Manager</Filter>
    </ClInclude>
    <ClInclude Include="stageScene.h">
      <Filter>playGround\stageScene</Filter>
    </ClInclude>
    <ClInclude Include="worm.h">
      <Filter>playGround\stageScene\worm</Filter>
    </ClInclude>
    <ClInclude Include="wormManager.h">
      <Filter>playGround\stageScene\worm</Filter>
    </ClInclude>
    <ClInclude Include="stageManager.h">
      <Filter>playGround\stageScene\stage</Filter>
    </ClInclude>
    <ClInclude Include="state.h">
      <Filter>playGround\stageScene\worm\state</Filter>
    </ClInclude>
    <ClInclude Include="weapon.h">
      <Filter>playGround\stageScene\weapon</Filter>
    </ClInclude>
    <ClInclude Include="idleState.h">
      <Filter>playGround\stageScene\worm\state</Filter>
    </ClInclude>
    <ClInclude Include="moveState.h">
      <Filter>playGround\stageScene\worm\state</Filter>
    </ClInclude>
    <ClInclude Include="allState.h">
      <Filter>playGround\stageScene\worm\state</Filter>
    </ClInclude>
    <ClInclude Include="attackState.h">
      <Filter>playGround\stageScene\worm\state</Filter>
    </ClInclude>
    <ClInclude Include="jumpState.h">
      <Filter>playGround\stageScene\worm\state</Filter>
    </ClInclude>
    <ClInclude Include="longJumpState.h">
      <Filter>playGround\stageScene\worm\state</Filter>
    </ClInclude>
    <ClInclude Include="deadState.h">
      <Filter>playGround\stageScene\worm\state</Filter>
    </ClInclude>
    <ClInclude Include="cameraManager.h">
      <Filter>2DGameFramework\Manager</Filter>
    </ClInclude>
    <ClInclude Include="fallenState.h">
      <Filter>playGround\stageScene\worm\state</Filter>
    </ClInclude>
    <ClInclude Include="allWeapon.h">
      <Filter>playGround\stageScene\weapon</Filter>
    </ClInclude>
    <ClInclude Include="bazukaWeapon.h">
      <Filter>playGround\stageScene\weapon</Filter>
    </ClInclude>
    <ClInclude Include="object.h">
      <Filter>playGround\stageScene\item</Filter>
    </ClInclude>
    <ClInclude Include="objectManager.h">
      <Filter>playGround\stageScene\item</Filter>
    </ClInclude>
    <ClInclude Include="projectile.h">
      <Filter>playGround\stageScene\weapon\projectile</Filter>
    </ClInclude>
    <ClInclude Include="flyState.h">
      <Filter>playGround\stageScene\worm\state</Filter>
    </ClInclude>
    <ClInclude Include="uiManager.h">
      <Filter>playGround\stageScene\stage</Filter>
    </ClInclude>
  </ItemGroup>
  <ItemGroup>
    <ClCompile Include="stdafx.cpp">
      <Filter>소스 파일</Filter>
    </ClCompile>
    <ClCompile Include="windowsAPI.cpp">
      <Filter>소스 파일</Filter>
    </ClCompile>
    <ClCompile Include="gameNode.cpp">
      <Filter>2DGameFramework</Filter>
    </ClCompile>
    <ClCompile Include="playGround.cpp">
      <Filter>playGround</Filter>
    </ClCompile>
    <ClCompile Include="keyManager.cpp">
      <Filter>2DGameFramework\Manager</Filter>
    </ClCompile>
    <ClCompile Include="image.cpp">
      <Filter>2DGameFramework\image</Filter>
    </ClCompile>
    <ClCompile Include="utils.cpp">
      <Filter>2DGameFramework\Utils</Filter>
    </ClCompile>
    <ClCompile Include="collision.cpp">
      <Filter>2DGameFramework\Utils</Filter>
    </ClCompile>
    <ClCompile Include="imageManager.cpp">
      <Filter>2DGameFramework\Manager</Filter>
    </ClCompile>
    <ClCompile Include="progressBar.cpp">
      <Filter>2DGameFramework\progressBar</Filter>
    </ClCompile>
    <ClCompile Include="txtData.cpp">
      <Filter>2DGameFramework\txtData</Filter>
    </ClCompile>
    <ClCompile Include="timer.cpp">
      <Filter>2DGameFramework\timer</Filter>
    </ClCompile>
    <ClCompile Include="timeManager.cpp">
      <Filter>2DGameFramework\Manager</Filter>
    </ClCompile>
    <ClCompile Include="animation.cpp">
      <Filter>2DGameFramework\animation</Filter>
    </ClCompile>
    <ClCompile Include="effect.cpp">
      <Filter>2DGameFramework\effect</Filter>
    </ClCompile>
    <ClCompile Include="effectManager.cpp">
      <Filter>2DGameFramework\Manager</Filter>
    </ClCompile>
    <ClCompile Include="soundManager.cpp">
      <Filter>2DGameFramework\Manager</Filter>
    </ClCompile>
    <ClCompile Include="sceneManager.cpp">
      <Filter>2DGameFramework\Manager</Filter>
    </ClCompile>
    <ClCompile Include="stageScene.cpp">
      <Filter>playGround\stageScene</Filter>
    </ClCompile>
    <ClCompile Include="worm.cpp">
      <Filter>playGround\stageScene\worm</Filter>
    </ClCompile>
    <ClCompile Include="wormManager.cpp">
      <Filter>playGround\stageScene\worm</Filter>
    </ClCompile>
    <ClCompile Include="stageManager.cpp">
      <Filter>playGround\stageScene\stage</Filter>
    </ClCompile>
    <ClCompile Include="state.cpp">
      <Filter>playGround\stageScene\worm\state</Filter>
    </ClCompile>
    <ClCompile Include="weapon.cpp">
      <Filter>playGround\stageScene\weapon</Filter>
    </ClCompile>
    <ClCompile Include="idleState.cpp">
      <Filter>playGround\stageScene\worm\state</Filter>
    </ClCompile>
    <ClCompile Include="moveState.cpp">
      <Filter>playGround\stageScene\worm\state</Filter>
    </ClCompile>
    <ClCompile Include="attackState.cpp">
      <Filter>playGround\stageScene\worm\state</Filter>
    </ClCompile>
    <ClCompile Include="jumpState.cpp">
      <Filter>playGround\stageScene\worm\state</Filter>
    </ClCompile>
    <ClCompile Include="longJumpState.cpp">
      <Filter>playGround\stageScene\worm\state</Filter>
    </ClCompile>
    <ClCompile Include="deadState.cpp">
      <Filter>playGround\stageScene\worm\state</Filter>
    </ClCompile>
    <ClCompile Include="cameraManager.cpp">
      <Filter>2DGameFramework\Manager</Filter>
    </ClCompile>
    <ClCompile Include="fallenState.cpp">
      <Filter>playGround\stageScene\worm\state</Filter>
    </ClCompile>
    <ClCompile Include="bazukaWeapon.cpp">
      <Filter>playGround\stageScene\weapon</Filter>
    </ClCompile>
    <ClCompile Include="object.cpp">
      <Filter>playGround\stageScene\item</Filter>
    </ClCompile>
    <ClCompile Include="objectManager.cpp">
      <Filter>playGround\stageScene\item</Filter>
    </ClCompile>
    <ClCompile Include="projectile.cpp">
      <Filter>playGround\stageScene\weapon\projectile</Filter>
    </ClCompile>
    <ClCompile Include="flyState.cpp">
      <Filter>playGround\stageScene\worm\state</Filter>
    </ClCompile>
    <ClCompile Include="uiManager.cpp">
      <Filter>playGround\stageScene\stage</Filter>
    </ClCompile>
  </ItemGroup>
  <ItemGroup>
    <ResourceCompile Include="windowsAPI.rc">
      <Filter>리소스 파일</Filter>
    </ResourceCompile>
  </ItemGroup>
  <ItemGroup>
    <Image Include="small.ico">
      <Filter>리소스 파일</Filter>
    </Image>
    <Image Include="windowsAPI.ico">
      <Filter>리소스 파일</Filter>
    </Image>
  </ItemGroup>
</Project>